version: 1.0
shards:
  ambience:
    github: vjdhama/ambience
    commit: 95fce2fe50e3019c04725c908c52f0326fb63f17

  kemal:
    github: sdogruyol/kemal
    commit: 6bff31132ab3ae5e415cf2a06543e8b7062a5b1b

  kilt:
    github: jeromegn/kilt
    version: 0.3.2

  radix:
    github: luislavena/radix
    version: 0.1.0

